
Microsoft Visual Studio Solution File, Format Version 12.00
# Visual Studio Version 17
VisualStudioVersion = 17.13.35931.197 d17.13
MinimumVisualStudioVersion = 10.0.40219.1
Project("{FAE04EC0-301F-11D3-BF4B-00C04F79EFBC}") = "ProjectLab", "ProjectLab\ProjectLab.csproj", "{CCFFEBD5-3687-4648-B973-AEB577B7D5F8}"
EndProject
Global
	GlobalSection(SolutionConfigurationPlatforms) = preSolution
		Debug|Any CPU = Debug|Any CPU
		Release|Any CPU = Release|Any CPU
	EndGlobalSection
	GlobalSection(ProjectConfigurationPlatforms) = postSolution
		{CCFFEBD5-3687-4648-B973-AEB577B7D5F8}.Debug|Any CPU.ActiveCfg = Debug|Any CPU
		{CCFFEBD5-3687-4648-B973-AEB577B7D5F8}.Debug|Any CPU.Build.0 = Debug|Any CPU
		{CCFFEBD5-3687-4648-B973-AEB577B7D5F8}.Release|Any CPU.ActiveCfg = Release|Any CPU
		{CCFFEBD5-3687-4648-B973-AEB577B7D5F8}.Release|Any CPU.Build.0 = Release|Any CPU
	EndGlobalSection
	GlobalSection(SolutionProperties) = preSolution
		HideSolutionNode = FALSE
	EndGlobalSection
	GlobalSection(ExtensibilityGlobals) = postSolution
		SolutionGuid = {91A755C5-58E5-4717-A186-F7360CE2ED29}
	EndGlobalSection
EndGlobal
